
Microsoft Visual Studio Solution File, Format Version 12.00
# Visual Studio Version 16
VisualStudioVersion = 16.0.30001.183
MinimumVisualStudioVersion = 10.0.40219.1
Project("{9A19103F-16F7-4668-BE54-9A1E7A4F7556}") = "Taxi.Common", "Taxi.Common\Taxi.Common.csproj", "{0FD448DA-AE3C-4F0C-A040-F07B1EC282B2}"
EndProject
Project("{9A19103F-16F7-4668-BE54-9A1E7A4F7556}") = "Taxi.Web", "Taxi.Web\Taxi.Web.csproj", "{ED326594-9D82-4F9A-9EB8-648114BC0D1D}"
EndProject
Project("{FAE04EC0-301F-11D3-BF4B-00C04F79EFBC}") = "Taxi.Prism", "Taxi.Prism\Taxi.Prism\Taxi.Prism.csproj", "{BCAFC5D8-4666-45E9-985A-90A9598F77A1}"
EndProject
Project("{FAE04EC0-301F-11D3-BF4B-00C04F79EFBC}") = "Taxi.Prism.Android", "Taxi.Prism\Taxi.Prism.Android\Taxi.Prism.Android.csproj", "{11E20D1D-88E9-4B02-9505-EE6B5E89623A}"
EndProject
Project("{FAE04EC0-301F-11D3-BF4B-00C04F79EFBC}") = "Taxi.Prism.iOS", "Taxi.Prism\Taxi.Prism.iOS\Taxi.Prism.iOS.csproj", "{930CEB6C-A770-4E86-BA73-033BB6C42E70}"
EndProject
Project("{FAE04EC0-301F-11D3-BF4B-00C04F79EFBC}") = "Taxi.Cross.Android", "Taxi.Cross.Android\Taxi.Cross.Android.csproj", "{EE5E8FDC-115E-489F-84FA-BCB59E61EFC7}"
EndProject
Project("{FAE04EC0-301F-11D3-BF4B-00C04F79EFBC}") = "Taxi.Cross.IOS", "Taxi.Cross.IOS\Taxi.Cross.IOS.csproj", "{9FC7DF1A-010E-43D2-AD3D-8E833D9E2520}"
EndProject
Global
	GlobalSection(SolutionConfigurationPlatforms) = preSolution
		Ad-Hoc|Any CPU = Ad-Hoc|Any CPU
		Ad-Hoc|iPhone = Ad-Hoc|iPhone
		Ad-Hoc|iPhoneSimulator = Ad-Hoc|iPhoneSimulator
		AppStore|Any CPU = AppStore|Any CPU
		AppStore|iPhone = AppStore|iPhone
		AppStore|iPhoneSimulator = AppStore|iPhoneSimulator
		Debug|Any CPU = Debug|Any CPU
		Debug|iPhone = Debug|iPhone
		Debug|iPhoneSimulator = Debug|iPhoneSimulator
		Release|Any CPU = Release|Any CPU
		Release|iPhone = Release|iPhone
		Release|iPhoneSimulator = Release|iPhoneSimulator
	EndGlobalSection
	GlobalSection(ProjectConfigurationPlatforms) = postSolution
		{0FD448DA-AE3C-4F0C-A040-F07B1EC282B2}.Ad-Hoc|Any CPU.ActiveCfg = Release|Any CPU
		{0FD448DA-AE3C-4F0C-A040-F07B1EC282B2}.Ad-Hoc|Any CPU.Build.0 = Release|Any CPU
		{0FD448DA-AE3C-4F0C-A040-F07B1EC282B2}.Ad-Hoc|iPhone.ActiveCfg = Release|Any CPU
		{0FD448DA-AE3C-4F0C-A040-F07B1EC282B2}.Ad-Hoc|iPhone.Build.0 = Release|Any CPU
		{0FD448DA-AE3C-4F0C-A040-F07B1EC282B2}.Ad-Hoc|iPhoneSimulator.ActiveCfg = Release|Any CPU
		{0FD448DA-AE3C-4F0C-A040-F07B1EC282B2}.Ad-Hoc|iPhoneSimulator.Build.0 = Release|Any CPU
		{0FD448DA-AE3C-4F0C-A040-F07B1EC282B2}.AppStore|Any CPU.ActiveCfg = Release|Any CPU
		{0FD448DA-AE3C-4F0C-A040-F07B1EC282B2}.AppStore|Any CPU.Build.0 = Release|Any CPU
		{0FD448DA-AE3C-4F0C-A040-F07B1EC282B2}.AppStore|iPhone.ActiveCfg = Release|Any CPU
		{0FD448DA-AE3C-4F0C-A040-F07B1EC282B2}.AppStore|iPhone.Build.0 = Release|Any CPU
		{0FD448DA-AE3C-4F0C-A040-F07B1EC282B2}.AppStore|iPhoneSimulator.ActiveCfg = Release|Any CPU
		{0FD448DA-AE3C-4F0C-A040-F07B1EC282B2}.AppStore|iPhoneSimulator.Build.0 = Release|Any CPU
		{0FD448DA-AE3C-4F0C-A040-F07B1EC282B2}.Debug|Any CPU.ActiveCfg = Debug|Any CPU
		{0FD448DA-AE3C-4F0C-A040-F07B1EC282B2}.Debug|Any CPU.Build.0 = Debug|Any CPU
		{0FD448DA-AE3C-4F0C-A040-F07B1EC282B2}.Debug|iPhone.ActiveCfg = Debug|Any CPU
		{0FD448DA-AE3C-4F0C-A040-F07B1EC282B2}.Debug|iPhone.Build.0 = Debug|Any CPU
		{0FD448DA-AE3C-4F0C-A040-F07B1EC282B2}.Debug|iPhoneSimulator.ActiveCfg = Debug|Any CPU
		{0FD448DA-AE3C-4F0C-A040-F07B1EC282B2}.Debug|iPhoneSimulator.Build.0 = Debug|Any CPU
		{0FD448DA-AE3C-4F0C-A040-F07B1EC282B2}.Release|Any CPU.ActiveCfg = Release|Any CPU
		{0FD448DA-AE3C-4F0C-A040-F07B1EC282B2}.Release|Any CPU.Build.0 = Release|Any CPU
		{0FD448DA-AE3C-4F0C-A040-F07B1EC282B2}.Release|iPhone.ActiveCfg = Release|Any CPU
		{0FD448DA-AE3C-4F0C-A040-F07B1EC282B2}.Release|iPhone.Build.0 = Release|Any CPU
		{0FD448DA-AE3C-4F0C-A040-F07B1EC282B2}.Release|iPhoneSimulator.ActiveCfg = Release|Any CPU
		{0FD448DA-AE3C-4F0C-A040-F07B1EC282B2}.Release|iPhoneSimulator.Build.0 = Release|Any CPU
		{ED326594-9D82-4F9A-9EB8-648114BC0D1D}.Ad-Hoc|Any CPU.ActiveCfg = Release|Any CPU
		{ED326594-9D82-4F9A-9EB8-648114BC0D1D}.Ad-Hoc|Any CPU.Build.0 = Release|Any CPU
		{ED326594-9D82-4F9A-9EB8-648114BC0D1D}.Ad-Hoc|iPhone.ActiveCfg = Release|Any CPU
		{ED326594-9D82-4F9A-9EB8-648114BC0D1D}.Ad-Hoc|iPhone.Build.0 = Release|Any CPU
		{ED326594-9D82-4F9A-9EB8-648114BC0D1D}.Ad-Hoc|iPhoneSimulator.ActiveCfg = Release|Any CPU
		{ED326594-9D82-4F9A-9EB8-648114BC0D1D}.Ad-Hoc|iPhoneSimulator.Build.0 = Release|Any CPU
		{ED326594-9D82-4F9A-9EB8-648114BC0D1D}.AppStore|Any CPU.ActiveCfg = Release|Any CPU
		{ED326594-9D82-4F9A-9EB8-648114BC0D1D}.AppStore|Any CPU.Build.0 = Release|Any CPU
		{ED326594-9D82-4F9A-9EB8-648114BC0D1D}.AppStore|iPhone.ActiveCfg = Release|Any CPU
		{ED326594-9D82-4F9A-9EB8-648114BC0D1D}.AppStore|iPhone.Build.0 = Release|Any CPU
		{ED326594-9D82-4F9A-9EB8-648114BC0D1D}.AppStore|iPhoneSimulator.ActiveCfg = Release|Any CPU
		{ED326594-9D82-4F9A-9EB8-648114BC0D1D}.AppStore|iPhoneSimulator.Build.0 = Release|Any CPU
		{ED326594-9D82-4F9A-9EB8-648114BC0D1D}.Debug|Any CPU.ActiveCfg = Debug|Any CPU
		{ED326594-9D82-4F9A-9EB8-648114BC0D1D}.Debug|Any CPU.Build.0 = Debug|Any CPU
		{ED326594-9D82-4F9A-9EB8-648114BC0D1D}.Debug|iPhone.ActiveCfg = Debug|Any CPU
		{ED326594-9D82-4F9A-9EB8-648114BC0D1D}.Debug|iPhone.Build.0 = Debug|Any CPU
		{ED326594-9D82-4F9A-9EB8-648114BC0D1D}.Debug|iPhoneSimulator.ActiveCfg = Debug|Any CPU
		{ED326594-9D82-4F9A-9EB8-648114BC0D1D}.Debug|iPhoneSimulator.Build.0 = Debug|Any CPU
		{ED326594-9D82-4F9A-9EB8-648114BC0D1D}.Release|Any CPU.ActiveCfg = Release|Any CPU
		{ED326594-9D82-4F9A-9EB8-648114BC0D1D}.Release|Any CPU.Build.0 = Release|Any CPU
		{ED326594-9D82-4F9A-9EB8-648114BC0D1D}.Release|iPhone.ActiveCfg = Release|Any CPU
		{ED326594-9D82-4F9A-9EB8-648114BC0D1D}.Release|iPhone.Build.0 = Release|Any CPU
		{ED326594-9D82-4F9A-9EB8-648114BC0D1D}.Release|iPhoneSimulator.ActiveCfg = Release|Any CPU
		{ED326594-9D82-4F9A-9EB8-648114BC0D1D}.Release|iPhoneSimulator.Build.0 = Release|Any CPU
		{BCAFC5D8-4666-45E9-985A-90A9598F77A1}.Ad-Hoc|Any CPU.ActiveCfg = Debug|Any CPU
		{BCAFC5D8-4666-45E9-985A-90A9598F77A1}.Ad-Hoc|Any CPU.Build.0 = Debug|Any CPU
		{BCAFC5D8-4666-45E9-985A-90A9598F77A1}.Ad-Hoc|iPhone.ActiveCfg = Debug|Any CPU
		{BCAFC5D8-4666-45E9-985A-90A9598F77A1}.Ad-Hoc|iPhone.Build.0 = Debug|Any CPU
		{BCAFC5D8-4666-45E9-985A-90A9598F77A1}.Ad-Hoc|iPhoneSimulator.ActiveCfg = Debug|Any CPU
		{BCAFC5D8-4666-45E9-985A-90A9598F77A1}.Ad-Hoc|iPhoneSimulator.Build.0 = Debug|Any CPU
		{BCAFC5D8-4666-45E9-985A-90A9598F77A1}.AppStore|Any CPU.ActiveCfg = Debug|Any CPU
		{BCAFC5D8-4666-45E9-985A-90A9598F77A1}.AppStore|Any CPU.Build.0 = Debug|Any CPU
		{BCAFC5D8-4666-45E9-985A-90A9598F77A1}.AppStore|iPhone.ActiveCfg = Debug|Any CPU
		{BCAFC5D8-4666-45E9-985A-90A9598F77A1}.AppStore|iPhone.Build.0 = Debug|Any CPU
		{BCAFC5D8-4666-45E9-985A-90A9598F77A1}.AppStore|iPhoneSimulator.ActiveCfg = Debug|Any CPU
		{BCAFC5D8-4666-45E9-985A-90A9598F77A1}.AppStore|iPhoneSimulator.Build.0 = Debug|Any CPU
		{BCAFC5D8-4666-45E9-985A-90A9598F77A1}.Debug|Any CPU.ActiveCfg = Debug|Any CPU
		{BCAFC5D8-4666-45E9-985A-90A9598F77A1}.Debug|Any CPU.Build.0 = Debug|Any CPU
		{BCAFC5D8-4666-45E9-985A-90A9598F77A1}.Debug|iPhone.ActiveCfg = Debug|Any CPU
		{BCAFC5D8-4666-45E9-985A-90A9598F77A1}.Debug|iPhone.Build.0 = Debug|Any CPU
		{BCAFC5D8-4666-45E9-985A-90A9598F77A1}.Debug|iPhoneSimulator.ActiveCfg = Debug|Any CPU
		{BCAFC5D8-4666-45E9-985A-90A9598F77A1}.Debug|iPhoneSimulator.Build.0 = Debug|Any CPU
		{BCAFC5D8-4666-45E9-985A-90A9598F77A1}.Release|Any CPU.ActiveCfg = Release|Any CPU
		{BCAFC5D8-4666-45E9-985A-90A9598F77A1}.Release|Any CPU.Build.0 = Release|Any CPU
		{BCAFC5D8-4666-45E9-985A-90A9598F77A1}.Release|iPhone.ActiveCfg = Release|Any CPU
		{BCAFC5D8-4666-45E9-985A-90A9598F77A1}.Release|iPhone.Build.0 = Release|Any CPU
		{BCAFC5D8-4666-45E9-985A-90A9598F77A1}.Release|iPhoneSimulator.ActiveCfg = Release|Any CPU
		{BCAFC5D8-4666-45E9-985A-90A9598F77A1}.Release|iPhoneSimulator.Build.0 = Release|Any CPU
		{11E20D1D-88E9-4B02-9505-EE6B5E89623A}.Ad-Hoc|Any CPU.ActiveCfg = Release|Any CPU
		{11E20D1D-88E9-4B02-9505-EE6B5E89623A}.Ad-Hoc|Any CPU.Build.0 = Release|Any CPU
		{11E20D1D-88E9-4B02-9505-EE6B5E89623A}.Ad-Hoc|Any CPU.Deploy.0 = Release|Any CPU
		{11E20D1D-88E9-4B02-9505-EE6B5E89623A}.Ad-Hoc|iPhone.ActiveCfg = Release|Any CPU
		{11E20D1D-88E9-4B02-9505-EE6B5E89623A}.Ad-Hoc|iPhone.Build.0 = Release|Any CPU
		{11E20D1D-88E9-4B02-9505-EE6B5E89623A}.Ad-Hoc|iPhone.Deploy.0 = Release|Any CPU
		{11E20D1D-88E9-4B02-9505-EE6B5E89623A}.Ad-Hoc|iPhoneSimulator.ActiveCfg = Release|Any CPU
		{11E20D1D-88E9-4B02-9505-EE6B5E89623A}.Ad-Hoc|iPhoneSimulator.Build.0 = Release|Any CPU
		{11E20D1D-88E9-4B02-9505-EE6B5E89623A}.Ad-Hoc|iPhoneSimulator.Deploy.0 = Release|Any CPU
		{11E20D1D-88E9-4B02-9505-EE6B5E89623A}.AppStore|Any CPU.ActiveCfg = Release|Any CPU
		{11E20D1D-88E9-4B02-9505-EE6B5E89623A}.AppStore|Any CPU.Build.0 = Release|Any CPU
		{11E20D1D-88E9-4B02-9505-EE6B5E89623A}.AppStore|Any CPU.Deploy.0 = Release|Any CPU
		{11E20D1D-88E9-4B02-9505-EE6B5E89623A}.AppStore|iPhone.ActiveCfg = Release|Any CPU
		{11E20D1D-88E9-4B02-9505-EE6B5E89623A}.AppStore|iPhone.Build.0 = Release|Any CPU
		{11E20D1D-88E9-4B02-9505-EE6B5E89623A}.AppStore|iPhone.Deploy.0 = Release|Any CPU
		{11E20D1D-88E9-4B02-9505-EE6B5E89623A}.AppStore|iPhoneSimulator.ActiveCfg = Release|Any CPU
		{11E20D1D-88E9-4B02-9505-EE6B5E89623A}.AppStore|iPhoneSimulator.Build.0 = Release|Any CPU
		{11E20D1D-88E9-4B02-9505-EE6B5E89623A}.AppStore|iPhoneSimulator.Deploy.0 = Release|Any CPU
		{11E20D1D-88E9-4B02-9505-EE6B5E89623A}.Debug|Any CPU.ActiveCfg = Debug|Any CPU
		{11E20D1D-88E9-4B02-9505-EE6B5E89623A}.Debug|Any CPU.Build.0 = Debug|Any CPU
		{11E20D1D-88E9-4B02-9505-EE6B5E89623A}.Debug|Any CPU.Deploy.0 = Debug|Any CPU
		{11E20D1D-88E9-4B02-9505-EE6B5E89623A}.Debug|iPhone.ActiveCfg = Debug|Any CPU
		{11E20D1D-88E9-4B02-9505-EE6B5E89623A}.Debug|iPhone.Build.0 = Debug|Any CPU
		{11E20D1D-88E9-4B02-9505-EE6B5E89623A}.Debug|iPhone.Deploy.0 = Debug|Any CPU
		{11E20D1D-88E9-4B02-9505-EE6B5E89623A}.Debug|iPhoneSimulator.ActiveCfg = Debug|Any CPU
		{11E20D1D-88E9-4B02-9505-EE6B5E89623A}.Debug|iPhoneSimulator.Build.0 = Debug|Any CPU
		{11E20D1D-88E9-4B02-9505-EE6B5E89623A}.Debug|iPhoneSimulator.Deploy.0 = Debug|Any CPU
		{11E20D1D-88E9-4B02-9505-EE6B5E89623A}.Release|Any CPU.ActiveCfg = Release|Any CPU
		{11E20D1D-88E9-4B02-9505-EE6B5E89623A}.Release|Any CPU.Build.0 = Release|Any CPU
		{11E20D1D-88E9-4B02-9505-EE6B5E89623A}.Release|Any CPU.Deploy.0 = Release|Any CPU
		{11E20D1D-88E9-4B02-9505-EE6B5E89623A}.Release|iPhone.ActiveCfg = Release|Any CPU
		{11E20D1D-88E9-4B02-9505-EE6B5E89623A}.Release|iPhone.Build.0 = Release|Any CPU
		{11E20D1D-88E9-4B02-9505-EE6B5E89623A}.Release|iPhone.Deploy.0 = Release|Any CPU
		{11E20D1D-88E9-4B02-9505-EE6B5E89623A}.Release|iPhoneSimulator.ActiveCfg = Release|Any CPU
		{11E20D1D-88E9-4B02-9505-EE6B5E89623A}.Release|iPhoneSimulator.Build.0 = Release|Any CPU
		{11E20D1D-88E9-4B02-9505-EE6B5E89623A}.Release|iPhoneSimulator.Deploy.0 = Release|Any CPU
		{930CEB6C-A770-4E86-BA73-033BB6C42E70}.Ad-Hoc|Any CPU.ActiveCfg = Ad-Hoc|iPhone
		{930CEB6C-A770-4E86-BA73-033BB6C42E70}.Ad-Hoc|iPhone.ActiveCfg = Ad-Hoc|iPhone
		{930CEB6C-A770-4E86-BA73-033BB6C42E70}.Ad-Hoc|iPhone.Build.0 = Ad-Hoc|iPhone
		{930CEB6C-A770-4E86-BA73-033BB6C42E70}.Ad-Hoc|iPhoneSimulator.ActiveCfg = Ad-Hoc|iPhoneSimulator
		{930CEB6C-A770-4E86-BA73-033BB6C42E70}.Ad-Hoc|iPhoneSimulator.Build.0 = Ad-Hoc|iPhoneSimulator
		{930CEB6C-A770-4E86-BA73-033BB6C42E70}.AppStore|Any CPU.ActiveCfg = AppStore|iPhone
		{930CEB6C-A770-4E86-BA73-033BB6C42E70}.AppStore|iPhone.ActiveCfg = AppStore|iPhone
		{930CEB6C-A770-4E86-BA73-033BB6C42E70}.AppStore|iPhone.Build.0 = AppStore|iPhone
		{930CEB6C-A770-4E86-BA73-033BB6C42E70}.AppStore|iPhoneSimulator.ActiveCfg = AppStore|iPhoneSimulator
		{930CEB6C-A770-4E86-BA73-033BB6C42E70}.AppStore|iPhoneSimulator.Build.0 = AppStore|iPhoneSimulator
		{930CEB6C-A770-4E86-BA73-033BB6C42E70}.Debug|Any CPU.ActiveCfg = Debug|iPhone
		{930CEB6C-A770-4E86-BA73-033BB6C42E70}.Debug|iPhone.ActiveCfg = Debug|iPhone
		{930CEB6C-A770-4E86-BA73-033BB6C42E70}.Debug|iPhone.Build.0 = Debug|iPhone
		{930CEB6C-A770-4E86-BA73-033BB6C42E70}.Debug|iPhoneSimulator.ActiveCfg = Debug|iPhoneSimulator
		{930CEB6C-A770-4E86-BA73-033BB6C42E70}.Debug|iPhoneSimulator.Build.0 = Debug|iPhoneSimulator
		{930CEB6C-A770-4E86-BA73-033BB6C42E70}.Release|Any CPU.ActiveCfg = Release|iPhone
		{930CEB6C-A770-4E86-BA73-033BB6C42E70}.Release|iPhone.ActiveCfg = Release|iPhone
		{930CEB6C-A770-4E86-BA73-033BB6C42E70}.Release|iPhone.Build.0 = Release|iPhone
		{930CEB6C-A770-4E86-BA73-033BB6C42E70}.Release|iPhoneSimulator.ActiveCfg = Release|iPhoneSimulator
		{930CEB6C-A770-4E86-BA73-033BB6C42E70}.Release|iPhoneSimulator.Build.0 = Release|iPhoneSimulator
		{EE5E8FDC-115E-489F-84FA-BCB59E61EFC7}.Ad-Hoc|Any CPU.ActiveCfg = Release|Any CPU
		{EE5E8FDC-115E-489F-84FA-BCB59E61EFC7}.Ad-Hoc|Any CPU.Build.0 = Release|Any CPU
		{EE5E8FDC-115E-489F-84FA-BCB59E61EFC7}.Ad-Hoc|Any CPU.Deploy.0 = Release|Any CPU
		{EE5E8FDC-115E-489F-84FA-BCB59E61EFC7}.Ad-Hoc|iPhone.ActiveCfg = Release|Any CPU
		{EE5E8FDC-115E-489F-84FA-BCB59E61EFC7}.Ad-Hoc|iPhone.Build.0 = Release|Any CPU
		{EE5E8FDC-115E-489F-84FA-BCB59E61EFC7}.Ad-Hoc|iPhone.Deploy.0 = Release|Any CPU
		{EE5E8FDC-115E-489F-84FA-BCB59E61EFC7}.Ad-Hoc|iPhoneSimulator.ActiveCfg = Release|Any CPU
		{EE5E8FDC-115E-489F-84FA-BCB59E61EFC7}.Ad-Hoc|iPhoneSimulator.Build.0 = Release|Any CPU
		{EE5E8FDC-115E-489F-84FA-BCB59E61EFC7}.Ad-Hoc|iPhoneSimulator.Deploy.0 = Release|Any CPU
		{EE5E8FDC-115E-489F-84FA-BCB59E61EFC7}.AppStore|Any CPU.ActiveCfg = Release|Any CPU
		{EE5E8FDC-115E-489F-84FA-BCB59E61EFC7}.AppStore|Any CPU.Build.0 = Release|Any CPU
		{EE5E8FDC-115E-489F-84FA-BCB59E61EFC7}.AppStore|Any CPU.Deploy.0 = Release|Any CPU
		{EE5E8FDC-115E-489F-84FA-BCB59E61EFC7}.AppStore|iPhone.ActiveCfg = Release|Any CPU
		{EE5E8FDC-115E-489F-84FA-BCB59E61EFC7}.AppStore|iPhone.Build.0 = Release|Any CPU
		{EE5E8FDC-115E-489F-84FA-BCB59E61EFC7}.AppStore|iPhone.Deploy.0 = Release|Any CPU
		{EE5E8FDC-115E-489F-84FA-BCB59E61EFC7}.AppStore|iPhoneSimulator.ActiveCfg = Release|Any CPU
		{EE5E8FDC-115E-489F-84FA-BCB59E61EFC7}.AppStore|iPhoneSimulator.Build.0 = Release|Any CPU
		{EE5E8FDC-115E-489F-84FA-BCB59E61EFC7}.AppStore|iPhoneSimulator.Deploy.0 = Release|Any CPU
		{EE5E8FDC-115E-489F-84FA-BCB59E61EFC7}.Debug|Any CPU.ActiveCfg = Debug|Any CPU
		{EE5E8FDC-115E-489F-84FA-BCB59E61EFC7}.Debug|Any CPU.Build.0 = Debug|Any CPU
		{EE5E8FDC-115E-489F-84FA-BCB59E61EFC7}.Debug|Any CPU.Deploy.0 = Debug|Any CPU
		{EE5E8FDC-115E-489F-84FA-BCB59E61EFC7}.Debug|iPhone.ActiveCfg = Debug|Any CPU
		{EE5E8FDC-115E-489F-84FA-BCB59E61EFC7}.Debug|iPhone.Build.0 = Debug|Any CPU
		{EE5E8FDC-115E-489F-84FA-BCB59E61EFC7}.Debug|iPhone.Deploy.0 = Debug|Any CPU
		{EE5E8FDC-115E-489F-84FA-BCB59E61EFC7}.Debug|iPhoneSimulator.ActiveCfg = Debug|Any CPU
		{EE5E8FDC-115E-489F-84FA-BCB59E61EFC7}.Debug|iPhoneSimulator.Build.0 = Debug|Any CPU
		{EE5E8FDC-115E-489F-84FA-BCB59E61EFC7}.Debug|iPhoneSimulator.Deploy.0 = Debug|Any CPU
		{EE5E8FDC-115E-489F-84FA-BCB59E61EFC7}.Release|Any CPU.ActiveCfg = Release|Any CPU
		{EE5E8FDC-115E-489F-84FA-BCB59E61EFC7}.Release|Any CPU.Build.0 = Release|Any CPU
		{EE5E8FDC-115E-489F-84FA-BCB59E61EFC7}.Release|Any CPU.Deploy.0 = Release|Any CPU
		{EE5E8FDC-115E-489F-84FA-BCB59E61EFC7}.Release|iPhone.ActiveCfg = Release|Any CPU
		{EE5E8FDC-115E-489F-84FA-BCB59E61EFC7}.Release|iPhone.Build.0 = Release|Any CPU
		{EE5E8FDC-115E-489F-84FA-BCB59E61EFC7}.Release|iPhone.Deploy.0 = Release|Any CPU
		{EE5E8FDC-115E-489F-84FA-BCB59E61EFC7}.Release|iPhoneSimulator.ActiveCfg = Release|Any CPU
		{EE5E8FDC-115E-489F-84FA-BCB59E61EFC7}.Release|iPhoneSimulator.Build.0 = Release|Any CPU
		{EE5E8FDC-115E-489F-84FA-BCB59E61EFC7}.Release|iPhoneSimulator.Deploy.0 = Release|Any CPU
		{9FC7DF1A-010E-43D2-AD3D-8E833D9E2520}.Ad-Hoc|Any CPU.ActiveCfg = Release|iPhone
		{9FC7DF1A-010E-43D2-AD3D-8E833D9E2520}.Ad-Hoc|Any CPU.Build.0 = Release|iPhone
		{9FC7DF1A-010E-43D2-AD3D-8E833D9E2520}.Ad-Hoc|iPhone.ActiveCfg = Release|iPhone
		{9FC7DF1A-010E-43D2-AD3D-8E833D9E2520}.Ad-Hoc|iPhone.Build.0 = Release|iPhone
		{9FC7DF1A-010E-43D2-AD3D-8E833D9E2520}.Ad-Hoc|iPhoneSimulator.ActiveCfg = Release|iPhoneSimulator
		{9FC7DF1A-010E-43D2-AD3D-8E833D9E2520}.Ad-Hoc|iPhoneSimulator.Build.0 = Release|iPhoneSimulator
		{9FC7DF1A-010E-43D2-AD3D-8E833D9E2520}.AppStore|Any CPU.ActiveCfg = Release|iPhone
		{9FC7DF1A-010E-43D2-AD3D-8E833D9E2520}.AppStore|Any CPU.Build.0 = Release|iPhone
		{9FC7DF1A-010E-43D2-AD3D-8E833D9E2520}.AppStore|iPhone.ActiveCfg = Release|iPhone
		{9FC7DF1A-010E-43D2-AD3D-8E833D9E2520}.AppStore|iPhone.Build.0 = Release|iPhone
		{9FC7DF1A-010E-43D2-AD3D-8E833D9E2520}.AppStore|iPhoneSimulator.ActiveCfg = Release|iPhoneSimulator
		{9FC7DF1A-010E-43D2-AD3D-8E833D9E2520}.AppStore|iPhoneSimulator.Build.0 = Release|iPhoneSimulator
		{9FC7DF1A-010E-43D2-AD3D-8E833D9E2520}.Debug|Any CPU.ActiveCfg = Debug|iPhone
		{9FC7DF1A-010E-43D2-AD3D-8E833D9E2520}.Debug|iPhone.ActiveCfg = Debug|iPhone
		{9FC7DF1A-010E-43D2-AD3D-8E833D9E2520}.Debug|iPhone.Build.0 = Debug|iPhone
		{9FC7DF1A-010E-43D2-AD3D-8E833D9E2520}.Debug|iPhoneSimulator.ActiveCfg = Debug|iPhoneSimulator
		{9FC7DF1A-010E-43D2-AD3D-8E833D9E2520}.Debug|iPhoneSimulator.Build.0 = Debug|iPhoneSimulator
		{9FC7DF1A-010E-43D2-AD3D-8E833D9E2520}.Release|Any CPU.ActiveCfg = Release|iPhone
		{9FC7DF1A-010E-43D2-AD3D-8E833D9E2520}.Release|iPhone.ActiveCfg = Release|iPhone
		{9FC7DF1A-010E-43D2-AD3D-8E833D9E2520}.Release|iPhone.Build.0 = Release|iPhone
		{9FC7DF1A-010E-43D2-AD3D-8E833D9E2520}.Release|iPhoneSimulator.ActiveCfg = Release|iPhoneSimulator
		{9FC7DF1A-010E-43D2-AD3D-8E833D9E2520}.Release|iPhoneSimulator.Build.0 = Release|iPhoneSimulator
	EndGlobalSection
	GlobalSection(SolutionProperties) = preSolution
		HideSolutionNode = FALSE
	EndGlobalSection
	GlobalSection(ExtensibilityGlobals) = postSolution
		SolutionGuid = {9D32AB13-2191-45AB-8DB3-3FD74F62F1AF}
	EndGlobalSection
EndGlobal
